<?xml version="1.0" encoding="utf-8"?>
<Project ToolsVersion="4.0" xmlns="http://schemas.microsoft.com/developer/msbuild/2003">
  <ItemGroup>
    <Filter Include="Source">
      <UniqueIdentifier>{063f4ceb-d950-4ab4-aed1-cc4d5f660b8e}</UniqueIdentifier>
    </Filter>
    <Filter Include="Source\Network">
      <UniqueIdentifier>{ea7c322b-dd57-480f-8043-fb8e749c4c8a}</UniqueIdentifier>
    </Filter>
    <Filter Include="Source\Input">
      <UniqueIdentifier>{721ce007-6460-4248-84bd-2f51cd43570f}</UniqueIdentifier>
    </Filter>
    <Filter Include="Source\Memory">
      <UniqueIdentifier>{1d633d58-d8f4-46c4-bea5-29a9e895ecc6}</UniqueIdentifier>
    </Filter>
    <Filter Include="Source\MyMath">
      <UniqueIdentifier>{2e1e3500-e34e-4991-92eb-aa8af6db5b75}</UniqueIdentifier>
    </Filter>
    <Filter Include="Source\Component">
      <UniqueIdentifier>{1f57a839-ea35-4bfe-b433-6577d93a91d3}</UniqueIdentifier>
    </Filter>
    <Filter Include="Source\Scene">
      <UniqueIdentifier>{8fe86c58-7529-4aeb-9190-ed402a0ee221}</UniqueIdentifier>
    </Filter>
    <Filter Include="Source\Singleton">
      <UniqueIdentifier>{9285f28f-c958-43f2-903e-8003baf022f7}</UniqueIdentifier>
    </Filter>
    <Filter Include="Source\Player">
      <UniqueIdentifier>{5d161aa1-973a-4888-9dee-fb322ee49d2f}</UniqueIdentifier>
    </Filter>
    <Filter Include="Source\GameObject">
      <UniqueIdentifier>{0d013a19-a039-4aab-8f17-6e1b1f467071}</UniqueIdentifier>
    </Filter>
    <Filter Include="Source\GameApp">
      <UniqueIdentifier>{3ac119d9-869f-4186-beb1-1e98fd914282}</UniqueIdentifier>
    </Filter>
    <Filter Include="Source\Component\Collision">
      <UniqueIdentifier>{d975a895-b42f-4f58-b36c-5bd5aa20c31e}</UniqueIdentifier>
    </Filter>
    <Filter Include="Source\Judge">
      <UniqueIdentifier>{dfd908e1-df99-4eec-bfe2-20d6681941a0}</UniqueIdentifier>
    </Filter>
    <Filter Include="Source\Bullet">
      <UniqueIdentifier>{20579548-1df9-4a89-b29c-ae14db3e512f}</UniqueIdentifier>
    </Filter>
    <Filter Include="Source\MyRandom">
      <UniqueIdentifier>{401758af-716a-4172-ac1c-15cf0f702730}</UniqueIdentifier>
    </Filter>
    <Filter Include="Source\FPS">
      <UniqueIdentifier>{73d6baa6-e445-4072-a8f8-34357f795778}</UniqueIdentifier>
    </Filter>
    <Filter Include="Source\GameSetting">
      <UniqueIdentifier>{521df45a-3b37-4654-8ea2-87bf514270fc}</UniqueIdentifier>
    </Filter>
  </ItemGroup>
  <ItemGroup>
    <ClCompile Include="Source\Main.cpp">
      <Filter>Source</Filter>
    </ClCompile>
    <ClCompile Include="Source\Network\Client.cpp">
      <Filter>Source\Network</Filter>
    </ClCompile>
    <ClCompile Include="Source\Input\Input.cpp">
      <Filter>Source\Input</Filter>
    </ClCompile>
    <ClCompile Include="Source\Input\InputString.cpp">
      <Filter>Source\Input</Filter>
    </ClCompile>
    <ClCompile Include="Source\MyMath\MyMath.cpp">
      <Filter>Source\MyMath</Filter>
    </ClCompile>
    <ClCompile Include="Source\Component\Controller2D.cpp">
      <Filter>Source\Component</Filter>
    </ClCompile>
    <ClCompile Include="Source\Component\Splite.cpp">
      <Filter>Source\Component</Filter>
    </ClCompile>
    <ClCompile Include="Source\Component\Transform.cpp">
      <Filter>Source\Component</Filter>
    </ClCompile>
    <ClCompile Include="Source\Scene\PlayScene.cpp">
      <Filter>Source\Scene</Filter>
    </ClCompile>
    <ClCompile Include="Source\Scene\SceneBase.cpp">
      <Filter>Source\Scene</Filter>
    </ClCompile>
    <ClCompile Include="Source\Scene\SceneManager.cpp">
      <Filter>Source\Scene</Filter>
    </ClCompile>
    <ClCompile Include="Source\Scene\NetworkPlayScene.cpp">
      <Filter>Source\Scene</Filter>
    </ClCompile>
    <ClCompile Include="Source\Player\NetworkPlayer.cpp">
      <Filter>Source\Player</Filter>
    </ClCompile>
    <ClCompile Include="Source\Player\Player.cpp">
      <Filter>Source\Player</Filter>
    </ClCompile>
    <ClCompile Include="Source\Player\PlayerManager.cpp">
      <Filter>Source\Player</Filter>
    </ClCompile>
    <ClCompile Include="Source\Scene\TitleScene.cpp">
      <Filter>Source\Scene</Filter>
    </ClCompile>
    <ClCompile Include="Source\Network\ClientAPI.cpp">
      <Filter>Source\Network</Filter>
    </ClCompile>
    <ClCompile Include="Source\Component\ComponentBase.cpp">
      <Filter>Source\Component</Filter>
    </ClCompile>
    <ClCompile Include="Source\GameObject\GameObject.cpp">
      <Filter>Source\GameObject</Filter>
    </ClCompile>
    <ClCompile Include="Source\GameApp\GameApp.cpp">
      <Filter>Source\GameApp</Filter>
    </ClCompile>
    <ClCompile Include="Source\Component\Collision\ColliderComponent.cpp">
      <Filter>Source\Component\Collision</Filter>
    </ClCompile>
    <ClCompile Include="Source\Component\Collision\CollisionManager.cpp">
      <Filter>Source\Component\Collision</Filter>
    </ClCompile>
    <ClCompile Include="Source\Judge\Judge.cpp">
      <Filter>Source\Judge</Filter>
    </ClCompile>
    <ClCompile Include="Source\Bullet\BulletBase.cpp">
      <Filter>Source\Bullet</Filter>
    </ClCompile>
    <ClCompile Include="Source\Bullet\BulletManager.cpp">
      <Filter>Source\Bullet</Filter>
    </ClCompile>
    <ClCompile Include="Source\Bullet\StraightBullet.cpp">
      <Filter>Source\Bullet</Filter>
    </ClCompile>
    <ClCompile Include="Source\Component\Collision\CollisionSphere.cpp">
      <Filter>Source\Component\Collision</Filter>
    </ClCompile>
    <ClCompile Include="Source\Component\Collision\CollisionBase.cpp">
      <Filter>Source\Component\Collision</Filter>
    </ClCompile>
    <ClCompile Include="Source\Component\Collision\CollisionAABB.cpp">
      <Filter>Source\Component\Collision</Filter>
    </ClCompile>
    <ClCompile Include="Source\MyRandom\MyRandom.cpp">
      <Filter>Source\MyRandom</Filter>
    </ClCompile>
    <ClCompile Include="Source\FPS\FPS.cpp">
      <Filter>Source\FPS</Filter>
    </ClCompile>
  </ItemGroup>
  <ItemGroup>
    <ClInclude Include="Source\Network\NetworkCommonParam.h">
      <Filter>Source\Network</Filter>
    </ClInclude>
    <ClInclude Include="Source\Network\Client.h">
      <Filter>Source\Network</Filter>
    </ClInclude>
    <ClInclude Include="Source\Input\Input.h">
      <Filter>Source\Input</Filter>
    </ClInclude>
    <ClInclude Include="Source\Input\InputString.h">
      <Filter>Source\Input</Filter>
    </ClInclude>
    <ClInclude Include="Source\Memory\Memory.h">
      <Filter>Source\Memory</Filter>
    </ClInclude>
    <ClInclude Include="Source\MyMath\MyMath.h">
      <Filter>Source\MyMath</Filter>
    </ClInclude>
    <ClInclude Include="Source\Component\Controller2D.h">
      <Filter>Source\Component</Filter>
    </ClInclude>
    <ClInclude Include="Source\Component\Splite.h">
      <Filter>Source\Component</Filter>
    </ClInclude>
    <ClInclude Include="Source\Component\Transform.h">
      <Filter>Source\Component</Filter>
    </ClInclude>
    <ClInclude Include="Source\Scene\PlayScene.h">
      <Filter>Source\Scene</Filter>
    </ClInclude>
    <ClInclude Include="Source\Scene\SceneBase.h">
      <Filter>Source\Scene</Filter>
    </ClInclude>
    <ClInclude Include="Source\Scene\SceneManager.h">
      <Filter>Source\Scene</Filter>
    </ClInclude>
    <ClInclude Include="Source\Scene\SceneParameter.h">
      <Filter>Source\Scene</Filter>
    </ClInclude>
    <ClInclude Include="Source\Scene\NetworkPlayScene.h">
      <Filter>Source\Scene</Filter>
    </ClInclude>
    <ClInclude Include="Source\Singleton\Singleton.h">
      <Filter>Source\Singleton</Filter>
    </ClInclude>
    <ClInclude Include="Source\Player\NetworkPlayer.h">
      <Filter>Source\Player</Filter>
    </ClInclude>
    <ClInclude Include="Source\Player\Player.h">
      <Filter>Source\Player</Filter>
    </ClInclude>
    <ClInclude Include="Source\Player\PlayerManager.h">
      <Filter>Source\Player</Filter>
    </ClInclude>
    <ClInclude Include="Source\Network\NetworkUtility.h">
      <Filter>Source\Network</Filter>
    </ClInclude>
    <ClInclude Include="Source\Scene\TitleScene.h">
      <Filter>Source\Scene</Filter>
    </ClInclude>
    <ClInclude Include="Source\Network\ClientAPI.h">
      <Filter>Source\Network</Filter>
    </ClInclude>
    <ClInclude Include="Source\Component\ComponentBase.h">
      <Filter>Source\Component</Filter>
    </ClInclude>
    <ClInclude Include="Source\GameObject\GameObject.h">
      <Filter>Source\GameObject</Filter>
    </ClInclude>
    <ClInclude Include="Source\GameApp\GameApp.h">
      <Filter>Source\GameApp</Filter>
    </ClInclude>
    <ClInclude Include="Source\Component\Collision\ColliderComponent.h">
      <Filter>Source\Component\Collision</Filter>
    </ClInclude>
    <ClInclude Include="Source\Component\Collision\CollisionManager.h">
      <Filter>Source\Component\Collision</Filter>
    </ClInclude>
    <ClInclude Include="Source\Component\Collision\CollisionParameter.h">
      <Filter>Source\Component\Collision</Filter>
    </ClInclude>
    <ClInclude Include="Source\Judge\Judge.h">
      <Filter>Source\Judge</Filter>
    </ClInclude>
    <ClInclude Include="Source\Bullet\BulletBase.h">
      <Filter>Source\Bullet</Filter>
    </ClInclude>
    <ClInclude Include="Source\Bullet\BulletManager.h">
      <Filter>Source\Bullet</Filter>
    </ClInclude>
    <ClInclude Include="Source\Bullet\BulletParameter.h">
      <Filter>Source\Bullet</Filter>
    </ClInclude>
    <ClInclude Include="Source\Bullet\StraightBullet.h">
      <Filter>Source\Bullet</Filter>
    </ClInclude>
    <ClInclude Include="Source\Component\Collision\CollisionSphere.h">
      <Filter>Source\Component\Collision</Filter>
    </ClInclude>
    <ClInclude Include="Source\Component\Collision\CollisionBase.h">
      <Filter>Source\Component\Collision</Filter>
    </ClInclude>
    <ClInclude Include="Source\Component\Collision\CollisionAABB.h">
      <Filter>Source\Component\Collision</Filter>
    </ClInclude>
    <ClInclude Include="Source\Player\PlayerParameter.h">
      <Filter>Source\Player</Filter>
    </ClInclude>
    <ClInclude Include="Source\MyRandom\MyRandom.h">
      <Filter>Source\MyRandom</Filter>
    </ClInclude>
    <ClInclude Include="Source\FPS\FPS.h">
      <Filter>Source\FPS</Filter>
    </ClInclude>
    <ClInclude Include="Source\GameSetting\GameSetting.h">
      <Filter>Source\GameSetting</Filter>
    </ClInclude>
  </ItemGroup>
</Project>