<?xml version="1.0" encoding="utf-8"?>
<Project ToolsVersion="4.0" xmlns="http://schemas.microsoft.com/developer/msbuild/2003">
  <ItemGroup>
    <Filter Include="Source">
      <UniqueIdentifier>{063f4ceb-d950-4ab4-aed1-cc4d5f660b8e}</UniqueIdentifier>
    </Filter>
    <Filter Include="Source\Memory">
      <UniqueIdentifier>{1d633d58-d8f4-46c4-bea5-29a9e895ecc6}</UniqueIdentifier>
    </Filter>
    <Filter Include="Source\Scene">
      <UniqueIdentifier>{8fe86c58-7529-4aeb-9190-ed402a0ee221}</UniqueIdentifier>
    </Filter>
    <Filter Include="Source\Singleton">
      <UniqueIdentifier>{9285f28f-c958-43f2-903e-8003baf022f7}</UniqueIdentifier>
    </Filter>
    <Filter Include="Source\GameApp">
      <UniqueIdentifier>{3ac119d9-869f-4186-beb1-1e98fd914282}</UniqueIdentifier>
    </Filter>
    <Filter Include="Source\GameSetting">
      <UniqueIdentifier>{521df45a-3b37-4654-8ea2-87bf514270fc}</UniqueIdentifier>
    </Filter>
    <Filter Include="Source\Input">
      <UniqueIdentifier>{721ce007-6460-4248-84bd-2f51cd43570f}</UniqueIdentifier>
    </Filter>
    <Filter Include="Source\NetWork">
      <UniqueIdentifier>{e0f5dc02-c7f9-4418-9ce2-f250fb7d194a}</UniqueIdentifier>
    </Filter>
    <Filter Include="Source\Fade">
      <UniqueIdentifier>{f85335b6-473f-4a13-a0c1-d1013e6f0efe}</UniqueIdentifier>
    </Filter>
  </ItemGroup>
  <ItemGroup>
    <ClCompile Include="Source\Main.cpp">
      <Filter>Source</Filter>
    </ClCompile>
    <ClCompile Include="Source\Input\Input.cpp">
      <Filter>Source\Input</Filter>
    </ClCompile>
    <ClCompile Include="Source\GameApp\GameApp.cpp">
      <Filter>Source\GameApp</Filter>
    </ClCompile>
    <ClCompile Include="Source\Network\Client.cpp">
      <Filter>Source\NetWork</Filter>
    </ClCompile>
    <ClCompile Include="Source\Fade\Fade.cpp">
      <Filter>Source\Fade</Filter>
    </ClCompile>
    <ClCompile Include="Source\Network\Host.cpp">
      <Filter>Source\NetWork</Filter>
    </ClCompile>
    <ClCompile Include="Source\Input\InputString.cpp">
      <Filter>Source\Input</Filter>
    </ClCompile>
    <ClCompile Include="Source\Scene\PlayScene.cpp">
      <Filter>Source\Scene</Filter>
    </ClCompile>
    <ClCompile Include="Source\Scene\SceneBase.cpp">
      <Filter>Source\Scene</Filter>
    </ClCompile>
    <ClCompile Include="Source\Scene\SceneManager.cpp">
      <Filter>Source\Scene</Filter>
    </ClCompile>
    <ClCompile Include="Source\Scene\TitleScene.cpp">
      <Filter>Source\Scene</Filter>
    </ClCompile>
  </ItemGroup>
  <ItemGroup>
    <ClInclude Include="Source\Input\Input.h">
      <Filter>Source\Input</Filter>
    </ClInclude>
    <ClInclude Include="Source\Memory\Memory.h">
      <Filter>Source\Memory</Filter>
    </ClInclude>
    <ClInclude Include="Source\Singleton\Singleton.h">
      <Filter>Source\Singleton</Filter>
    </ClInclude>
    <ClInclude Include="Source\GameApp\GameApp.h">
      <Filter>Source\GameApp</Filter>
    </ClInclude>
    <ClInclude Include="Source\GameSetting\GameSetting.h">
      <Filter>Source\GameSetting</Filter>
    </ClInclude>
    <ClInclude Include="Source\Network\Client.h">
      <Filter>Source\NetWork</Filter>
    </ClInclude>
    <ClInclude Include="Source\Network\NetworkCommonParam.h">
      <Filter>Source\NetWork</Filter>
    </ClInclude>
    <ClInclude Include="Source\Network\NetworkUtility.h">
      <Filter>Source\NetWork</Filter>
    </ClInclude>
    <ClInclude Include="Source\Fade\Fade.h">
      <Filter>Source\Fade</Filter>
    </ClInclude>
    <ClInclude Include="Source\Network\Host.h">
      <Filter>Source\NetWork</Filter>
    </ClInclude>
    <ClInclude Include="Source\Input\InputString.h">
      <Filter>Source\Input</Filter>
    </ClInclude>
    <ClInclude Include="Source\Scene\PlayScene.h">
      <Filter>Source\Scene</Filter>
    </ClInclude>
    <ClInclude Include="Source\Scene\SceneBase.h">
      <Filter>Source\Scene</Filter>
    </ClInclude>
    <ClInclude Include="Source\Scene\SceneManager.h">
      <Filter>Source\Scene</Filter>
    </ClInclude>
    <ClInclude Include="Source\Scene\TitleScene.h">
      <Filter>Source\Scene</Filter>
    </ClInclude>
    <ClInclude Include="Source\Scene\SceneParameter.h">
      <Filter>Source\Scene</Filter>
    </ClInclude>
  </ItemGroup>
</Project>